// !$*UTF8*$!
{
	archiveVersion = 1;
	classes = {
	};
	objectVersion = 51;
	objects = {

/* Begin PBXBuildFile section */
		49DAB74A29409D744A0094D3 /* Pods_HurriyetNews.framework in Frameworks */ = {isa = PBXBuildFile; fileRef = 900EDC04FC2C2C5BD043371B /* Pods_HurriyetNews.framework */; };
		F7084152231711890052279E /* AppDelegate.swift in Sources */ = {isa = PBXBuildFile; fileRef = F7084151231711890052279E /* AppDelegate.swift */; };
		F7084154231711890052279E /* ViewController.swift in Sources */ = {isa = PBXBuildFile; fileRef = F7084153231711890052279E /* ViewController.swift */; };
		F7084157231711890052279E /* Main.storyboard in Resources */ = {isa = PBXBuildFile; fileRef = F7084155231711890052279E /* Main.storyboard */; };
		F70841592317118A0052279E /* Assets.xcassets in Resources */ = {isa = PBXBuildFile; fileRef = F70841582317118A0052279E /* Assets.xcassets */; };
		F708415C2317118A0052279E /* LaunchScreen.storyboard in Resources */ = {isa = PBXBuildFile; fileRef = F708415A2317118A0052279E /* LaunchScreen.storyboard */; };
		F708416A231711F70052279E /* AlamofireService.swift in Sources */ = {isa = PBXBuildFile; fileRef = F7084169231711F70052279E /* AlamofireService.swift */; };
		F708416C2317123D0052279E /* URLPath.swift in Sources */ = {isa = PBXBuildFile; fileRef = F708416B2317123D0052279E /* URLPath.swift */; };
		F708416E231714FE0052279E /* ArticleViewModel.swift in Sources */ = {isa = PBXBuildFile; fileRef = F708416D231714FE0052279E /* ArticleViewModel.swift */; };
		F70841702317158F0052279E /* ArticleResponse.swift in Sources */ = {isa = PBXBuildFile; fileRef = F708416F2317158F0052279E /* ArticleResponse.swift */; };
		F70841732317180B0052279E /* ArticleRepository.swift in Sources */ = {isa = PBXBuildFile; fileRef = F70841722317180B0052279E /* ArticleRepository.swift */; };
/* End PBXBuildFile section */

/* Begin PBXFileReference section */
		240EEA5A41171FF0DFE7B4AE /* Pods-HurriyetNews.release.xcconfig */ = {isa = PBXFileReference; includeInIndex = 1; lastKnownFileType = text.xcconfig; name = "Pods-HurriyetNews.release.xcconfig"; path = "Target Support Files/Pods-HurriyetNews/Pods-HurriyetNews.release.xcconfig"; sourceTree = "<group>"; };
		900EDC04FC2C2C5BD043371B /* Pods_HurriyetNews.framework */ = {isa = PBXFileReference; explicitFileType = wrapper.framework; includeInIndex = 0; path = Pods_HurriyetNews.framework; sourceTree = BUILT_PRODUCTS_DIR; };
		EBF040C3DAF5239B3687D6AB /* Pods-HurriyetNews.debug.xcconfig */ = {isa = PBXFileReference; includeInIndex = 1; lastKnownFileType = text.xcconfig; name = "Pods-HurriyetNews.debug.xcconfig"; path = "Target Support Files/Pods-HurriyetNews/Pods-HurriyetNews.debug.xcconfig"; sourceTree = "<group>"; };
		F708414E231711890052279E /* HurriyetNews.app */ = {isa = PBXFileReference; explicitFileType = wrapper.application; includeInIndex = 0; path = HurriyetNews.app; sourceTree = BUILT_PRODUCTS_DIR; };
		F7084151231711890052279E /* AppDelegate.swift */ = {isa = PBXFileReference; lastKnownFileType = sourcecode.swift; path = AppDelegate.swift; sourceTree = "<group>"; };
		F7084153231711890052279E /* ViewController.swift */ = {isa = PBXFileReference; lastKnownFileType = sourcecode.swift; path = ViewController.swift; sourceTree = "<group>"; };
		F7084156231711890052279E /* Base */ = {isa = PBXFileReference; lastKnownFileType = file.storyboard; name = Base; path = Base.lproj/Main.storyboard; sourceTree = "<group>"; };
		F70841582317118A0052279E /* Assets.xcassets */ = {isa = PBXFileReference; lastKnownFileType = folder.assetcatalog; path = Assets.xcassets; sourceTree = "<group>"; };
		F708415B2317118A0052279E /* Base */ = {isa = PBXFileReference; lastKnownFileType = file.storyboard; name = Base; path = Base.lproj/LaunchScreen.storyboard; sourceTree = "<group>"; };
		F708415D2317118A0052279E /* Info.plist */ = {isa = PBXFileReference; lastKnownFileType = text.plist.xml; path = Info.plist; sourceTree = "<group>"; };
		F7084169231711F70052279E /* AlamofireService.swift */ = {isa = PBXFileReference; lastKnownFileType = sourcecode.swift; path = AlamofireService.swift; sourceTree = "<group>"; };
		F708416B2317123D0052279E /* URLPath.swift */ = {isa = PBXFileReference; lastKnownFileType = sourcecode.swift; path = URLPath.swift; sourceTree = "<group>"; };
		F708416D231714FE0052279E /* ArticleViewModel.swift */ = {isa = PBXFileReference; lastKnownFileType = sourcecode.swift; path = ArticleViewModel.swift; sourceTree = "<group>"; };
		F708416F2317158F0052279E /* ArticleResponse.swift */ = {isa = PBXFileReference; lastKnownFileType = sourcecode.swift; path = ArticleResponse.swift; sourceTree = "<group>"; };
		F70841722317180B0052279E /* ArticleRepository.swift */ = {isa = PBXFileReference; lastKnownFileType = sourcecode.swift; path = ArticleRepository.swift; sourceTree = "<group>"; };
/* End PBXFileReference section */

/* Begin PBXFrameworksBuildPhase section */
		F708414B231711890052279E /* Frameworks */ = {
			isa = PBXFrameworksBuildPhase;
			buildActionMask = 2147483647;
			files = (
				49DAB74A29409D744A0094D3 /* Pods_HurriyetNews.framework in Frameworks */,
			);
			runOnlyForDeploymentPostprocessing = 0;
		};
/* End PBXFrameworksBuildPhase section */

/* Begin PBXGroup section */
		0F6C6131118B552A19B98ACB /* Pods */ = {
			isa = PBXGroup;
			children = (
				EBF040C3DAF5239B3687D6AB /* Pods-HurriyetNews.debug.xcconfig */,
				240EEA5A41171FF0DFE7B4AE /* Pods-HurriyetNews.release.xcconfig */,
			);
			path = Pods;
			sourceTree = "<group>";
		};
		DFBFC7EB4C07DB3B32748858 /* Frameworks */ = {
			isa = PBXGroup;
			children = (
				900EDC04FC2C2C5BD043371B /* Pods_HurriyetNews.framework */,
			);
			name = Frameworks;
			sourceTree = "<group>";
		};
		F7084145231711890052279E = {
			isa = PBXGroup;
			children = (
				F7084150231711890052279E /* HurriyetNews */,
				F708414F231711890052279E /* Products */,
				0F6C6131118B552A19B98ACB /* Pods */,
				DFBFC7EB4C07DB3B32748858 /* Frameworks */,
			);
			sourceTree = "<group>";
		};
		F708414F231711890052279E /* Products */ = {
			isa = PBXGroup;
			children = (
				F708414E231711890052279E /* HurriyetNews.app */,
			);
			name = Products;
			sourceTree = "<group>";
		};
		F7084150231711890052279E /* HurriyetNews */ = {
			isa = PBXGroup;
			children = (
				F7084171231717FD0052279E /* Repository */,
				F7084168231711E50052279E /* Helper */,
				F7084166231711BE0052279E /* ViewModel */,
				F7084165231711BA0052279E /* View */,
				F7084163231711950052279E /* Model */,
				F7084164231711AE0052279E /* Supporting Files */,
				F7084155231711890052279E /* Main.storyboard */,
				F708415D2317118A0052279E /* Info.plist */,
			);
			path = HurriyetNews;
			sourceTree = "<group>";
		};
		F7084163231711950052279E /* Model */ = {
			isa = PBXGroup;
			children = (
				F708416F2317158F0052279E /* ArticleResponse.swift */,
			);
			path = Model;
			sourceTree = "<group>";
		};
		F7084164231711AE0052279E /* Supporting Files */ = {
			isa = PBXGroup;
			children = (
				F7084151231711890052279E /* AppDelegate.swift */,
				F70841582317118A0052279E /* Assets.xcassets */,
				F708415A2317118A0052279E /* LaunchScreen.storyboard */,
			);
			path = "Supporting Files";
			sourceTree = "<group>";
		};
		F7084165231711BA0052279E /* View */ = {
			isa = PBXGroup;
			children = (
				F7084167231711CF0052279E /* Controller */,
			);
			path = View;
			sourceTree = "<group>";
		};
		F7084166231711BE0052279E /* ViewModel */ = {
			isa = PBXGroup;
			children = (
				F708416D231714FE0052279E /* ArticleViewModel.swift */,
			);
			path = ViewModel;
			sourceTree = "<group>";
		};
		F7084167231711CF0052279E /* Controller */ = {
			isa = PBXGroup;
			children = (
				F7084153231711890052279E /* ViewController.swift */,
			);
			path = Controller;
			sourceTree = "<group>";
		};
		F7084168231711E50052279E /* Helper */ = {
			isa = PBXGroup;
			children = (
				F7084169231711F70052279E /* AlamofireService.swift */,
				F708416B2317123D0052279E /* URLPath.swift */,
			);
			path = Helper;
			sourceTree = "<group>";
		};
		F7084171231717FD0052279E /* Repository */ = {
			isa = PBXGroup;
			children = (
				F70841722317180B0052279E /* ArticleRepository.swift */,
			);
			path = Repository;
			sourceTree = "<group>";
		};
/* End PBXGroup section */

/* Begin PBXNativeTarget section */
		F708414D231711890052279E /* HurriyetNews */ = {
			isa = PBXNativeTarget;
			buildConfigurationList = F70841602317118A0052279E /* Build configuration list for PBXNativeTarget "HurriyetNews" */;
			buildPhases = (
				9196680323482F53D1F7CB4C /* [CP] Check Pods Manifest.lock */,
				F708414A231711890052279E /* Sources */,
				F708414B231711890052279E /* Frameworks */,
				F708414C231711890052279E /* Resources */,
				DF23940659D57FE7567C784B /* [CP] Embed Pods Frameworks */,
			);
			buildRules = (
			);
			dependencies = (
			);
			name = HurriyetNews;
			productName = HurriyetNews;
			productReference = F708414E231711890052279E /* HurriyetNews.app */;
			productType = "com.apple.product-type.application";
		};
/* End PBXNativeTarget section */

/* Begin PBXProject section */
		F7084146231711890052279E /* Project object */ = {
			isa = PBXProject;
			attributes = {
				LastSwiftUpdateCheck = 1020;
				LastUpgradeCheck = 1020;
				ORGANIZATIONNAME = "Kaan Ozdemir";
				TargetAttributes = {
					F708414D231711890052279E = {
						CreatedOnToolsVersion = 10.2.1;
					};
				};
			};
			buildConfigurationList = F7084149231711890052279E /* Build configuration list for PBXProject "HurriyetNews" */;
			compatibilityVersion = "Xcode 9.3";
			developmentRegion = en;
			hasScannedForEncodings = 0;
			knownRegions = (
				en,
				Base,
			);
			mainGroup = F7084145231711890052279E;
			productRefGroup = F708414F231711890052279E /* Products */;
			projectDirPath = "";
			projectRoot = "";
			targets = (
				F708414D231711890052279E /* HurriyetNews */,
			);
		};
/* End PBXProject section */

/* Begin PBXResourcesBuildPhase section */
		F708414C231711890052279E /* Resources */ = {
			isa = PBXResourcesBuildPhase;
			buildActionMask = 2147483647;
			files = (
				F708415C2317118A0052279E /* LaunchScreen.storyboard in Resources */,
				F70841592317118A0052279E /* Assets.xcassets in Resources */,
				F7084157231711890052279E /* Main.storyboard in Resources */,
			);
			runOnlyForDeploymentPostprocessing = 0;
		};
/* End PBXResourcesBuildPhase section */

/* Begin PBXShellScriptBuildPhase section */
		9196680323482F53D1F7CB4C /* [CP] Check Pods Manifest.lock */ = {
			isa = PBXShellScriptBuildPhase;
			buildActionMask = 2147483647;
			files = (
			);
			inputFileListPaths = (
			);
			inputPaths = (
				"${PODS_PODFILE_DIR_PATH}/Podfile.lock",
				"${PODS_ROOT}/Manifest.lock",
			);
			name = "[CP] Check Pods Manifest.lock";
			outputFileListPaths = (
			);
			outputPaths = (
				"$(DERIVED_FILE_DIR)/Pods-HurriyetNews-checkManifestLockResult.txt",
			);
			runOnlyForDeploymentPostprocessing = 0;
			shellPath = /bin/sh;
			shellScript = "diff \"${PODS_PODFILE_DIR_PATH}/Podfile.lock\" \"${PODS_ROOT}/Manifest.lock\" > /dev/null\nif [ $? != 0 ] ; then\n    # print error to STDERR\n    echo \"error: The sandbox is not in sync with the Podfile.lock. Run 'pod install' or update your CocoaPods installation.\" >&2\n    exit 1\nfi\n# This output is used by Xcode 'outputs' to avoid re-running this script phase.\necho \"SUCCESS\" > \"${SCRIPT_OUTPUT_FILE_0}\"\n";
			showEnvVarsInLog = 0;
		};
		DF23940659D57FE7567C784B /* [CP] Embed Pods Frameworks */ = {
			isa = PBXShellScriptBuildPhase;
			buildActionMask = 2147483647;
			files = (
			);
			inputFileListPaths = (
				"${PODS_ROOT}/Target Support Files/Pods-HurriyetNews/Pods-HurriyetNews-frameworks-${CONFIGURATION}-input-files.xcfilelist",
			);
			name = "[CP] Embed Pods Frameworks";
			outputFileListPaths = (
				"${PODS_ROOT}/Target Support Files/Pods-HurriyetNews/Pods-HurriyetNews-frameworks-${CONFIGURATION}-output-files.xcfilelist",
			);
			runOnlyForDeploymentPostprocessing = 0;
			shellPath = /bin/sh;
			shellScript = "\"${PODS_ROOT}/Target Support Files/Pods-HurriyetNews/Pods-HurriyetNews-frameworks.sh\"\n";
			showEnvVarsInLog = 0;
		};
/* End PBXShellScriptBuildPhase section */

/* Begin PBXSourcesBuildPhase section */
		F708414A231711890052279E /* Sources */ = {
			isa = PBXSourcesBuildPhase;
			buildActionMask = 2147483647;
			files = (
				F708416C2317123D0052279E /* URLPath.swift in Sources */,
				F70841732317180B0052279E /* ArticleRepository.swift in Sources */,
				F7084154231711890052279E /* ViewController.swift in Sources */,
				F708416A231711F70052279E /* AlamofireService.swift in Sources */,
				F708416E231714FE0052279E /* ArticleViewModel.swift in Sources */,
				F7084152231711890052279E /* AppDelegate.swift in Sources */,
				F70841702317158F0052279E /* ArticleResponse.swift in Sources */,
			);
			runOnlyForDeploymentPostprocessing = 0;
		};
/* End PBXSourcesBuildPhase section */

/* Begin PBXVariantGroup section */
		F7084155231711890052279E /* Main.storyboard */ = {
			isa = PBXVariantGroup;
			children = (
				F7084156231711890052279E /* Base */,
			);
			name = Main.storyboard;
			sourceTree = "<group>";
		};
		F708415A2317118A0052279E /* LaunchScreen.storyboard */ = {
			isa = PBXVariantGroup;
			children = (
				F708415B2317118A0052279E /* Base */,
			);
			name = LaunchScreen.storyboard;
			sourceTree = "<group>";
		};
/* End PBXVariantGroup section */

/* Begin XCBuildConfiguration section */
		F708415E2317118A0052279E /* Debug */ = {
			isa = XCBuildConfiguration;
			buildSettings = {
				ALWAYS_SEARCH_USER_PATHS = NO;
				CLANG_ANALYZER_NONNULL = YES;
				CLANG_ANALYZER_NUMBER_OBJECT_CONVERSION = YES_AGGRESSIVE;
				CLANG_CXX_LANGUAGE_STANDARD = "gnu++14";
				CLANG_CXX_LIBRARY = "libc++";
				CLANG_ENABLE_MODULES = YES;
				CLANG_ENABLE_OBJC_ARC = YES;
				CLANG_ENABLE_OBJC_WEAK = YES;
				CLANG_WARN_BLOCK_CAPTURE_AUTORELEASING = YES;
				CLANG_WARN_BOOL_CONVERSION = YES;
				CLANG_WARN_COMMA = YES;
				CLANG_WARN_CONSTANT_CONVERSION = YES;
				CLANG_WARN_DEPRECATED_OBJC_IMPLEMENTATIONS = YES;
				CLANG_WARN_DIRECT_OBJC_ISA_USAGE = YES_ERROR;
				CLANG_WARN_DOCUMENTATION_COMMENTS = YES;
				CLANG_WARN_EMPTY_BODY = YES;
				CLANG_WARN_ENUM_CONVERSION = YES;
				CLANG_WARN_INFINITE_RECURSION = YES;
				CLANG_WARN_INT_CONVERSION = YES;
				CLANG_WARN_NON_LITERAL_NULL_CONVERSION = YES;
				CLANG_WARN_OBJC_IMPLICIT_RETAIN_SELF = YES;
				CLANG_WARN_OBJC_LITERAL_CONVERSION = YES;
				CLANG_WARN_OBJC_ROOT_CLASS = YES_ERROR;
				CLANG_WARN_RANGE_LOOP_ANALYSIS = YES;
				CLANG_WARN_STRICT_PROTOTYPES = YES;
				CLANG_WARN_SUSPICIOUS_MOVE = YES;
				CLANG_WARN_UNGUARDED_AVAILABILITY = YES_AGGRESSIVE;
				CLANG_WARN_UNREACHABLE_CODE = YES;
				CLANG_WARN__DUPLICATE_METHOD_MATCH = YES;
				CODE_SIGN_IDENTITY = "iPhone Developer";
				COPY_PHASE_STRIP = NO;
				DEBUG_INFORMATION_FORMAT = dwarf;
				ENABLE_STRICT_OBJC_MSGSEND = YES;
				ENABLE_TESTABILITY = YES;
				GCC_C_LANGUAGE_STANDARD = gnu11;
				GCC_DYNAMIC_NO_PIC = NO;
				GCC_NO_COMMON_BLOCKS = YES;
				GCC_OPTIMIZATION_LEVEL = 0;
				GCC_PREPROCESSOR_DEFINITIONS = (
					"DEBUG=1",
					"$(inherited)",
				);
				GCC_WARN_64_TO_32_BIT_CONVERSION = YES;
				GCC_WARN_ABOUT_RETURN_TYPE = YES_ERROR;
				GCC_WARN_UNDECLARED_SELECTOR = YES;
				GCC_WARN_UNINITIALIZED_AUTOS = YES_AGGRESSIVE;
				GCC_WARN_UNUSED_FUNCTION = YES;
				GCC_WARN_UNUSED_VARIABLE = YES;
				IPHONEOS_DEPLOYMENT_TARGET = 12.2;
				MTL_ENABLE_DEBUG_INFO = INCLUDE_SOURCE;
				MTL_FAST_MATH = YES;
				ONLY_ACTIVE_ARCH = YES;
				SDKROOT = iphoneos;
				SWIFT_ACTIVE_COMPILATION_CONDITIONS = DEBUG;
				SWIFT_OPTIMIZATION_LEVEL = "-Onone";
			};
			name = Debug;
		};
		F708415F2317118A0052279E /* Release */ = {
			isa = XCBuildConfiguration;
			buildSettings = {
				ALWAYS_SEARCH_USER_PATHS = NO;
				CLANG_ANALYZER_NONNULL = YES;
				CLANG_ANALYZER_NUMBER_OBJECT_CONVERSION = YES_AGGRESSIVE;
				CLANG_CXX_LANGUAGE_STANDARD = "gnu++14";
				CLANG_CXX_LIBRARY = "libc++";
				CLANG_ENABLE_MODULES = YES;
				CLANG_ENABLE_OBJC_ARC = YES;
				CLANG_ENABLE_OBJC_WEAK = YES;
				CLANG_WARN_BLOCK_CAPTURE_AUTORELEASING = YES;
				CLANG_WARN_BOOL_CONVERSION = YES;
				CLANG_WARN_COMMA = YES;
				CLANG_WARN_CONSTANT_CONVERSION = YES;
				CLANG_WARN_DEPRECATED_OBJC_IMPLEMENTATIONS = YES;
				CLANG_WARN_DIRECT_OBJC_ISA_USAGE = YES_ERROR;
				CLANG_WARN_DOCUMENTATION_COMMENTS = YES;
				CLANG_WARN_EMPTY_BODY = YES;
				CLANG_WARN_ENUM_CONVERSION = YES;
				CLANG_WARN_INFINITE_RECURSION = YES;
				CLANG_WARN_INT_CONVERSION = YES;
				CLANG_WARN_NON_LITERAL_NULL_CONVERSION = YES;
				CLANG_WARN_OBJC_IMPLICIT_RETAIN_SELF = YES;
				CLANG_WARN_OBJC_LITERAL_CONVERSION = YES;
				CLANG_WARN_OBJC_ROOT_CLASS = YES_ERROR;
				CLANG_WARN_RANGE_LOOP_ANALYSIS = YES;
				CLANG_WARN_STRICT_PROTOTYPES = YES;
				CLANG_WARN_SUSPICIOUS_MOVE = YES;
				CLANG_WARN_UNGUARDED_AVAILABILITY = YES_AGGRESSIVE;
				CLANG_WARN_UNREACHABLE_CODE = YES;
				CLANG_WARN__DUPLICATE_METHOD_MATCH = YES;
				CODE_SIGN_IDENTITY = "iPhone Developer";
				COPY_PHASE_STRIP = NO;
				DEBUG_INFORMATION_FORMAT = "dwarf-with-dsym";
				ENABLE_NS_ASSERTIONS = NO;
				ENABLE_STRICT_OBJC_MSGSEND = YES;
				GCC_C_LANGUAGE_STANDARD = gnu11;
				GCC_NO_COMMON_BLOCKS = YES;
				GCC_WARN_64_TO_32_BIT_CONVERSION = YES;
				GCC_WARN_ABOUT_RETURN_TYPE = YES_ERROR;
				GCC_WARN_UNDECLARED_SELECTOR = YES;
				GCC_WARN_UNINITIALIZED_AUTOS = YES_AGGRESSIVE;
				GCC_WARN_UNUSED_FUNCTION = YES;
				GCC_WARN_UNUSED_VARIABLE = YES;
				IPHONEOS_DEPLOYMENT_TARGET = 12.2;
				MTL_ENABLE_DEBUG_INFO = NO;
				MTL_FAST_MATH = YES;
				SDKROOT = iphoneos;
				SWIFT_COMPILATION_MODE = wholemodule;
				SWIFT_OPTIMIZATION_LEVEL = "-O";
				VALIDATE_PRODUCT = YES;
			};
			name = Release;
		};
		F70841612317118A0052279E /* Debug */ = {
			isa = XCBuildConfiguration;
			baseConfigurationReference = EBF040C3DAF5239B3687D6AB /* Pods-HurriyetNews.debug.xcconfig */;
			buildSettings = {
				ASSETCATALOG_COMPILER_APPICON_NAME = AppIcon;
				CODE_SIGN_STYLE = Automatic;
				DEVELOPMENT_TEAM = 8ZB49XM27T;
				INFOPLIST_FILE = HurriyetNews/Info.plist;
				LD_RUNPATH_SEARCH_PATHS = (
					"$(inherited)",
					"@executable_path/Frameworks",
				);
				PRODUCT_BUNDLE_IDENTIFIER = com.kaanozdemir.HurriyetNews;
				PRODUCT_NAME = "$(TARGET_NAME)";
				SWIFT_VERSION = 5.0;
				TARGETED_DEVICE_FAMILY = "1,2";
			};
			name = Debug;
		};
		F70841622317118A0052279E /* Release */ = {
			isa = XCBuildConfiguration;
			baseConfigurationReference = 240EEA5A41171FF0DFE7B4AE /* Pods-HurriyetNews.release.xcconfig */;
			buildSettings = {
				ASSETCATALOG_COMPILER_APPICON_NAME = AppIcon;
				CODE_SIGN_STYLE = Automatic;
				DEVELOPMENT_TEAM = 8ZB49XM27T;
				INFOPLIST_FILE = HurriyetNews/Info.plist;
				LD_RUNPATH_SEARCH_PATHS = (
					"$(inherited)",
					"@executable_path/Frameworks",
				);
				PRODUCT_BUNDLE_IDENTIFIER = com.kaanozdemir.HurriyetNews;
				PRODUCT_NAME = "$(TARGET_NAME)";
				SWIFT_VERSION = 5.0;
				TARGETED_DEVICE_FAMILY = "1,2";
			};
			name = Release;
		};
/* End XCBuildConfiguration section */

/* Begin XCConfigurationList section */
		F7084149231711890052279E /* Build configuration list for PBXProject "HurriyetNews" */ = {
			isa = XCConfigurationList;
			buildConfigurations = (
				F708415E2317118A0052279E /* Debug */,
				F708415F2317118A0052279E /* Release */,
			);
			defaultConfigurationIsVisible = 0;
			defaultConfigurationName = Release;
		};
		F70841602317118A0052279E /* Build configuration list for PBXNativeTarget "HurriyetNews" */ = {
			isa = XCConfigurationList;
			buildConfigurations = (
				F70841612317118A0052279E /* Debug */,
				F70841622317118A0052279E /* Release */,
			);
			defaultConfigurationIsVisible = 0;
			defaultConfigurationName = Release;
		};
/* End XCConfigurationList section */
	};
	rootObject = F7084146231711890052279E /* Project object */;
}
